{
  "name": "data-structures-algorithms",
  "version": "1.0.0",
  "lockfileVersion": 3,
  "requires": true,
  "packages": {
    "": {
      "name": "data-structures-algorithms",
      "version": "1.0.0",
      "license": "ISC",
      "dependencies": {
        "@types/mdx": "^2.0.10"
      }
    },
    "node_modules/@types/mdx": {
      "version": "2.0.10",
      "resolved": "https://registry.npmjs.org/@types/mdx/-/mdx-2.0.10.tgz",
      "integrity": "sha512-Rllzc5KHk0Al5/WANwgSPl1/CwjqCy+AZrGd78zuK+jO9aDM6ffblZ+zIjgPNAaEBmlO0RYDvLNh7wD0zKVgEg=="
    }
  }
}
